{
  "version": 4,
  "terraform_version": "1.14.7",
  "serial": 47,
  "lineage": "65c41651-8988-6bdf-d468-7a25a61a0f99",
  "outputs": {
    "deployed_environment": {
      "value": "default",
      "type": "string"
    }
  },
  "resources": [
    {
      "module": "module.oidc_sso",
      "mode": "managed",
      "type": "azuread_application",
      "name": "saml_sso",
      "provider": "provider[\"registry.terraform.io/hashicorp/azuread\"]",
      "instances": [
        {
          "schema_version": 2,
          "attributes": {
            "api": [
              {
                "known_client_applications": [],
                "mapped_claims_enabled": false,
                "oauth2_permission_scope": [],
                "requested_access_token_version": 1
              }
            ],
            "app_role": [],
            "app_role_ids": {},
            "client_id": "c93bfbf1-d7ec-441b-8095-00e2ff17fe93",
            "description": "",
            "device_only_auth_enabled": false,
            "disabled_by_microsoft": "",
            "display_name": "Demo_OIDC",
            "fallback_public_client_enabled": false,
            "feature_tags": [
              {
                "custom_single_sign_on": false,
                "enterprise": false,
                "gallery": false,
                "hide": false
              }
            ],
            "group_membership_claims": null,
            "id": "/applications/c768a9c5-d5d2-4eb2-86b4-a2276ddbf1aa",
            "identifier_uris": [
              "https://dev.aktechnoservices.com/saml/metadata"
            ],
            "logo_image": "",
            "logo_url": "",
            "marketing_url": "",
            "notes": "",
            "oauth2_permission_scope_ids": {},
            "oauth2_post_response_required": false,
            "object_id": "c768a9c5-d5d2-4eb2-86b4-a2276ddbf1aa",
            "optional_claims": [
              {
                "access_token": [],
                "id_token": [],
                "saml2_token": []
              }
            ],
            "owners": null,
            "password": [],
            "prevent_duplicate_names": false,
            "privacy_statement_url": "",
            "public_client": [
              {
                "redirect_uris": []
              }
            ],
            "publisher_domain": "aktechnoservices.com",
            "required_resource_access": [],
            "service_management_reference": "",
            "sign_in_audience": "AzureADMyOrg",
            "single_page_application": [
              {
                "redirect_uris": []
              }
            ],
            "support_url": "",
            "tags": [],
            "template_id": "",
            "terms_of_service_url": "",
            "timeouts": null,
            "web": [
              {
                "homepage_url": "https://dev.aktechnoservices.com/login",
                "implicit_grant": [
                  {
                    "access_token_issuance_enabled": false,
                    "id_token_issuance_enabled": false
                  }
                ],
                "logout_url": "https://dev.aktechnoservices.com/logout",
                "redirect_uris": [
                  "https://dev.aktechnoservices.com/saml/acs"
                ]
              }
            ]
          },
          "sensitive_attributes": [],
          "identity_schema_version": 0,
          "private": "eyJlMmJmYjczMC1lY2FhLTExZTYtOGY4OC0zNDM2M2JjN2M0YzAiOnsiY3JlYXRlIjo2MDAwMDAwMDAwMDAsImRlbGV0ZSI6MzAwMDAwMDAwMDAwLCJyZWFkIjozMDAwMDAwMDAwMDAsInVwZGF0ZSI6NjAwMDAwMDAwMDAwfSwic2NoZW1hX3ZlcnNpb24iOiIyIn0="
        }
      ]
    },
    {
      "module": "module.oidc_sso",
      "mode": "managed",
      "type": "azuread_service_principal",
      "name": "saml_sso_sp",
      "provider": "provider[\"registry.terraform.io/hashicorp/azuread\"]",
      "instances": [
        {
          "schema_version": 1,
          "attributes": {
            "account_enabled": true,
            "alternative_names": null,
            "app_role_assignment_required": false,
            "app_role_ids": {},
            "app_roles": [],
            "application_tenant_id": "e21b46c3-349f-4ced-b138-29d7e76746f6",
            "client_id": "c93bfbf1-d7ec-441b-8095-00e2ff17fe93",
            "description": "",
            "display_name": "Demo_OIDC",
            "feature_tags": [
              {
                "custom_single_sign_on": false,
                "enterprise": false,
                "gallery": false,
                "hide": false
              }
            ],
            "features": [
              {
                "custom_single_sign_on_app": false,
                "enterprise_application": false,
                "gallery_application": false,
                "visible_to_users": true
              }
            ],
            "homepage_url": "https://dev.aktechnoservices.com/login",
            "id": "/servicePrincipals/db11aa49-0606-45eb-9d3a-2ed1d9a04ae7",
            "login_url": "",
            "logout_url": "https://dev.aktechnoservices.com/logout",
            "notes": "",
            "notification_email_addresses": null,
            "oauth2_permission_scope_ids": {},
            "oauth2_permission_scopes": [],
            "object_id": "db11aa49-0606-45eb-9d3a-2ed1d9a04ae7",
            "owners": null,
            "preferred_single_sign_on_mode": "",
            "redirect_uris": [
              "https://dev.aktechnoservices.com/saml/acs"
            ],
            "saml_metadata_url": "",
            "saml_single_sign_on": [
              {
                "relay_state": ""
              }
            ],
            "service_principal_names": [
              "https://dev.aktechnoservices.com/saml/metadata"
            ],
            "sign_in_audience": "AzureADMyOrg",
            "tags": [],
            "timeouts": null,
            "type": "Application",
            "use_existing": null
          },
          "sensitive_attributes": [],
          "identity_schema_version": 0,
          "private": "eyJlMmJmYjczMC1lY2FhLTExZTYtOGY4OC0zNDM2M2JjN2M0YzAiOnsiY3JlYXRlIjo2MDAwMDAwMDAwMDAsImRlbGV0ZSI6MzAwMDAwMDAwMDAwLCJyZWFkIjozMDAwMDAwMDAwMDAsInVwZGF0ZSI6NjAwMDAwMDAwMDAwfSwic2NoZW1hX3ZlcnNpb24iOiIxIn0=",
          "dependencies": [
            "module.oidc_sso.azuread_application.saml_sso"
          ]
        }
      ]
    }
  ],
  "check_results": null
}
